{
  "version": 4,
  "terraform_version": "1.11.1",
  "serial": 40,
  "lineage": "5bcd4db3-ab3f-59dd-840b-a87df47f81eb",
  "outputs": {},
  "resources": [
    {
      "mode": "managed",
      "type": "azurerm_linux_virtual_machine",
      "name": "vm",
      "provider": "provider[\"registry.terraform.io/hashicorp/azurerm\"]",
      "instances": [
        {
          "schema_version": 0,
          "attributes": {
            "additional_capabilities": [],
            "admin_password": null,
            "admin_ssh_key": [
              {
                "public_key": "ssh-rsa AAAAB3NzaC1yc2EAAAADAQABAAACAQDY2UXpulnBHsG5OtBbNdsljSS9GU9VCLDbEsXhSruUV30t+28kaw+k2iXQU/D0UOFrKc+xmRy3/UCpAcEIKe9kU38DPENemcI07Z6KBAuhZI11OrYfEuOJUkbeHMigaxfXiGZlRcKJHSdKFncoo0QC9v18p17A9HwLcoZmWelUbhVWB7u5lumoFy6NaxdHUh2YzBFvL1HNht0bUis2boWPOYlYFUMhh9+ZNvFSVeDBly6HVGd9BB0RffPb9BtVIRiemh074vqavWpSGSz5mt8lXG0b612GPWwJ98l2/ZiVKeRulzf4D/V6N/9Yoz4lgKS42pQs1GamC3Uy2sh7vB/CtZhR7ARe5fC1DSEygULbgUev8sO0tI/mc2EfJ8yXSXg/p/Gkc9p59rorGRB3YJvPqdAfz86IdGH6qZa9hVaMjzT6luU4U1eyjB18NEBgUo2AYEkVZOqyCtxG0jMHDSL+SBPaZTvP5mfhQUlRy8XU7cmh+NcumR3ShQiz4KJ1yU+5Lpjcbj/fgk1aR63UPWLhq/GwFiVA9B79FbP1O0xthNTLL9RGkoSVqjxJFPl6nULN27IoH/SARQg+0T865R8+9pTdPZqPlYNIQ0ota7HbNuCRQGk5lEd8372jlyk2xAFwr2PuZmn+46lmdotZAcZ8vFeoPaGHFXGp6JZAmK1ZBQ== 20063643@mydbs.ie",
                "username": "adminuser"
              }
            ],
            "admin_username": "adminuser",
            "allow_extension_operations": true,
            "availability_set_id": "",
            "boot_diagnostics": [],
            "bypass_platform_safety_checks_on_user_schedule_enabled": false,
            "capacity_reservation_group_id": "",
            "computer_name": "flask-app-vm",
            "custom_data": null,
            "dedicated_host_group_id": "",
            "dedicated_host_id": "",
            "disable_password_authentication": true,
            "disk_controller_type": "",
            "edge_zone": "",
            "encryption_at_host_enabled": false,
            "eviction_policy": "",
            "extensions_time_budget": "PT1H30M",
            "gallery_application": [],
            "id": "/subscriptions/f9b3e2dd-1ccb-4e99-b9ef-42caeffe9bd9/resourceGroups/flask-app-rg/providers/Microsoft.Compute/virtualMachines/flask-app-vm",
            "identity": [],
            "license_type": "",
            "location": "eastus",
            "max_bid_price": -1,
            "name": "flask-app-vm",
            "network_interface_ids": [
              "/subscriptions/f9b3e2dd-1ccb-4e99-b9ef-42caeffe9bd9/resourceGroups/flask-app-rg/providers/Microsoft.Network/networkInterfaces/flask-app-nic"
            ],
            "os_disk": [
              {
                "caching": "ReadWrite",
                "diff_disk_settings": [],
                "disk_encryption_set_id": "",
                "disk_size_gb": 30,
                "id": "/subscriptions/f9b3e2dd-1ccb-4e99-b9ef-42caeffe9bd9/resourceGroups/flask-app-rg/providers/Microsoft.Compute/disks/flask-app-vm_disk1_8aa31e8c119f425db8c38ee3821b5996",
                "name": "flask-app-vm_disk1_8aa31e8c119f425db8c38ee3821b5996",
                "secure_vm_disk_encryption_set_id": "",
                "security_encryption_type": "",
                "storage_account_type": "Standard_LRS",
                "write_accelerator_enabled": false
              }
            ],
            "os_image_notification": [],
            "patch_assessment_mode": "ImageDefault",
            "patch_mode": "ImageDefault",
            "plan": [],
            "platform_fault_domain": -1,
            "priority": "Regular",
            "private_ip_address": "10.0.1.4",
            "private_ip_addresses": [
              "10.0.1.4"
            ],
            "provision_vm_agent": true,
            "proximity_placement_group_id": "",
            "public_ip_address": "172.191.13.208",
            "public_ip_addresses": [
              "172.191.13.208"
            ],
            "reboot_setting": "",
            "resource_group_name": "flask-app-rg",
            "secret": [],
            "secure_boot_enabled": false,
            "size": "Standard_B1s",
            "source_image_id": "",
            "source_image_reference": [
              {
                "offer": "UbuntuServer",
                "publisher": "Canonical",
                "sku": "18.04-LTS",
                "version": "latest"
              }
            ],
            "tags": null,
            "termination_notification": null,
            "timeouts": null,
            "user_data": "",
            "virtual_machine_id": "1d77f1c6-b454-4bd2-a384-0d2cac5b2b02",
            "virtual_machine_scale_set_id": "",
            "vm_agent_platform_updates_enabled": false,
            "vtpm_enabled": false,
            "zone": ""
          },
          "sensitive_attributes": [
            [
              {
                "type": "get_attr",
                "value": "admin_password"
              }
            ],
            [
              {
                "type": "get_attr",
                "value": "custom_data"
              }
            ]
          ],
          "private": "eyJlMmJmYjczMC1lY2FhLTExZTYtOGY4OC0zNDM2M2JjN2M0YzAiOnsiY3JlYXRlIjoyNzAwMDAwMDAwMDAwLCJkZWxldGUiOjI3MDAwMDAwMDAwMDAsInJlYWQiOjMwMDAwMDAwMDAwMCwidXBkYXRlIjoyNzAwMDAwMDAwMDAwfX0=",
          "dependencies": [
            "azurerm_network_interface.nic",
            "azurerm_public_ip.publicip",
            "azurerm_resource_group.flask-rg",
            "azurerm_subnet.subnet",
            "azurerm_virtual_network.v_net"
          ]
        }
      ]
    },
    {
      "mode": "managed",
      "type": "azurerm_network_interface",
      "name": "nic",
      "provider": "provider[\"registry.terraform.io/hashicorp/azurerm\"]",
      "instances": [
        {
          "schema_version": 0,
          "attributes": {
            "accelerated_networking_enabled": false,
            "applied_dns_servers": [],
            "auxiliary_mode": "",
            "auxiliary_sku": "",
            "dns_servers": null,
            "edge_zone": "",
            "id": "/subscriptions/f9b3e2dd-1ccb-4e99-b9ef-42caeffe9bd9/resourceGroups/flask-app-rg/providers/Microsoft.Network/networkInterfaces/flask-app-nic",
            "internal_dns_name_label": "",
            "internal_domain_name_suffix": "2x45bn1paezurdsme3et12fbcb.bx.internal.cloudapp.net",
            "ip_configuration": [
              {
                "gateway_load_balancer_frontend_ip_configuration_id": "",
                "name": "internal",
                "primary": true,
                "private_ip_address": "10.0.1.4",
                "private_ip_address_allocation": "Dynamic",
                "private_ip_address_version": "IPv4",
                "public_ip_address_id": "/subscriptions/f9b3e2dd-1ccb-4e99-b9ef-42caeffe9bd9/resourceGroups/flask-app-rg/providers/Microsoft.Network/publicIPAddresses/flask-app-public-ip",
                "subnet_id": "/subscriptions/f9b3e2dd-1ccb-4e99-b9ef-42caeffe9bd9/resourceGroups/flask-app-rg/providers/Microsoft.Network/virtualNetworks/flask-app-vnet/subnets/flask-app-subnet"
              }
            ],
            "ip_forwarding_enabled": false,
            "location": "eastus",
            "mac_address": "",
            "name": "flask-app-nic",
            "private_ip_address": "10.0.1.4",
            "private_ip_addresses": [
              "10.0.1.4"
            ],
            "resource_group_name": "flask-app-rg",
            "tags": null,
            "timeouts": null,
            "virtual_machine_id": ""
          },
          "sensitive_attributes": [],
          "private": "eyJlMmJmYjczMC1lY2FhLTExZTYtOGY4OC0zNDM2M2JjN2M0YzAiOnsiY3JlYXRlIjoxODAwMDAwMDAwMDAwLCJkZWxldGUiOjE4MDAwMDAwMDAwMDAsInJlYWQiOjMwMDAwMDAwMDAwMCwidXBkYXRlIjoxODAwMDAwMDAwMDAwfX0=",
          "dependencies": [
            "azurerm_public_ip.publicip",
            "azurerm_resource_group.flask-rg",
            "azurerm_subnet.subnet",
            "azurerm_virtual_network.v_net"
          ]
        }
      ]
    },
    {
      "mode": "managed",
      "type": "azurerm_network_interface_security_group_association",
      "name": "nic_nsg_association",
      "provider": "provider[\"registry.terraform.io/hashicorp/azurerm\"]",
      "instances": [
        {
          "schema_version": 0,
          "attributes": {
            "id": "/subscriptions/f9b3e2dd-1ccb-4e99-b9ef-42caeffe9bd9/resourceGroups/flask-app-rg/providers/Microsoft.Network/networkInterfaces/flask-app-nic|/subscriptions/f9b3e2dd-1ccb-4e99-b9ef-42caeffe9bd9/resourceGroups/flask-app-rg/providers/Microsoft.Network/networkSecurityGroups/flask-app-nsg",
            "network_interface_id": "/subscriptions/f9b3e2dd-1ccb-4e99-b9ef-42caeffe9bd9/resourceGroups/flask-app-rg/providers/Microsoft.Network/networkInterfaces/flask-app-nic",
            "network_security_group_id": "/subscriptions/f9b3e2dd-1ccb-4e99-b9ef-42caeffe9bd9/resourceGroups/flask-app-rg/providers/Microsoft.Network/networkSecurityGroups/flask-app-nsg",
            "timeouts": null
          },
          "sensitive_attributes": [],
          "private": "eyJlMmJmYjczMC1lY2FhLTExZTYtOGY4OC0zNDM2M2JjN2M0YzAiOnsiY3JlYXRlIjoxODAwMDAwMDAwMDAwLCJkZWxldGUiOjE4MDAwMDAwMDAwMDAsInJlYWQiOjMwMDAwMDAwMDAwMH19",
          "dependencies": [
            "azurerm_network_interface.nic",
            "azurerm_network_security_group.nsg",
            "azurerm_public_ip.publicip",
            "azurerm_resource_group.flask-rg",
            "azurerm_subnet.subnet",
            "azurerm_virtual_network.v_net"
          ]
        }
      ]
    },
    {
      "mode": "managed",
      "type": "azurerm_network_security_group",
      "name": "nsg",
      "provider": "provider[\"registry.terraform.io/hashicorp/azurerm\"]",
      "instances": [
        {
          "schema_version": 0,
          "attributes": {
            "id": "/subscriptions/f9b3e2dd-1ccb-4e99-b9ef-42caeffe9bd9/resourceGroups/flask-app-rg/providers/Microsoft.Network/networkSecurityGroups/flask-app-nsg",
            "location": "eastus",
            "name": "flask-app-nsg",
            "resource_group_name": "flask-app-rg",
            "security_rule": [
              {
                "access": "Allow",
                "description": "",
                "destination_address_prefix": "*",
                "destination_address_prefixes": [],
                "destination_application_security_group_ids": [],
                "destination_port_range": "22",
                "destination_port_ranges": [],
                "direction": "Inbound",
                "name": "allow_ssh",
                "priority": 1001,
                "protocol": "Tcp",
                "source_address_prefix": "*",
                "source_address_prefixes": [],
                "source_application_security_group_ids": [],
                "source_port_range": "*",
                "source_port_ranges": []
              },
              {
                "access": "Allow",
                "description": "",
                "destination_address_prefix": "*",
                "destination_address_prefixes": [],
                "destination_application_security_group_ids": [],
                "destination_port_range": "443",
                "destination_port_ranges": [],
                "direction": "Inbound",
                "name": "HTTPS",
                "priority": 1003,
                "protocol": "Tcp",
                "source_address_prefix": "*",
                "source_address_prefixes": [],
                "source_application_security_group_ids": [],
                "source_port_range": "*",
                "source_port_ranges": []
              },
              {
                "access": "Allow",
                "description": "",
                "destination_address_prefix": "*",
                "destination_address_prefixes": [],
                "destination_application_security_group_ids": [],
                "destination_port_range": "5000",
                "destination_port_ranges": [],
                "direction": "Inbound",
                "name": "Flask",
                "priority": 1004,
                "protocol": "Tcp",
                "source_address_prefix": "*",
                "source_address_prefixes": [],
                "source_application_security_group_ids": [],
                "source_port_range": "*",
                "source_port_ranges": []
              },
              {
                "access": "Allow",
                "description": "",
                "destination_address_prefix": "*",
                "destination_address_prefixes": [],
                "destination_application_security_group_ids": [],
                "destination_port_range": "5000",
                "destination_port_ranges": [],
                "direction": "Inbound",
                "name": "allow_http",
                "priority": 1002,
                "protocol": "Tcp",
                "source_address_prefix": "*",
                "source_address_prefixes": [],
                "source_application_security_group_ids": [],
                "source_port_range": "*",
                "source_port_ranges": []
              }
            ],
            "tags": null,
            "timeouts": null
          },
          "sensitive_attributes": [],
          "private": "eyJlMmJmYjczMC1lY2FhLTExZTYtOGY4OC0zNDM2M2JjN2M0YzAiOnsiY3JlYXRlIjoxODAwMDAwMDAwMDAwLCJkZWxldGUiOjE4MDAwMDAwMDAwMDAsInJlYWQiOjMwMDAwMDAwMDAwMCwidXBkYXRlIjoxODAwMDAwMDAwMDAwfX0=",
          "dependencies": [
            "azurerm_resource_group.flask-rg"
          ]
        }
      ]
    },
    {
      "mode": "managed",
      "type": "azurerm_public_ip",
      "name": "publicip",
      "provider": "provider[\"registry.terraform.io/hashicorp/azurerm\"]",
      "instances": [
        {
          "schema_version": 0,
          "attributes": {
            "allocation_method": "Static",
            "ddos_protection_mode": "VirtualNetworkInherited",
            "ddos_protection_plan_id": null,
            "domain_name_label": null,
            "domain_name_label_scope": null,
            "edge_zone": "",
            "fqdn": null,
            "id": "/subscriptions/f9b3e2dd-1ccb-4e99-b9ef-42caeffe9bd9/resourceGroups/flask-app-rg/providers/Microsoft.Network/publicIPAddresses/flask-app-public-ip",
            "idle_timeout_in_minutes": 4,
            "ip_address": "172.191.13.208",
            "ip_tags": null,
            "ip_version": "IPv4",
            "location": "eastus",
            "name": "flask-app-public-ip",
            "public_ip_prefix_id": null,
            "resource_group_name": "flask-app-rg",
            "reverse_fqdn": null,
            "sku": "Standard",
            "sku_tier": "Regional",
            "tags": null,
            "timeouts": null,
            "zones": null
          },
          "sensitive_attributes": [],
          "private": "eyJlMmJmYjczMC1lY2FhLTExZTYtOGY4OC0zNDM2M2JjN2M0YzAiOnsiY3JlYXRlIjoxODAwMDAwMDAwMDAwLCJkZWxldGUiOjE4MDAwMDAwMDAwMDAsInJlYWQiOjMwMDAwMDAwMDAwMCwidXBkYXRlIjoxODAwMDAwMDAwMDAwfX0=",
          "dependencies": [
            "azurerm_resource_group.flask-rg"
          ]
        }
      ]
    },
    {
      "mode": "managed",
      "type": "azurerm_resource_group",
      "name": "flask-rg",
      "provider": "provider[\"registry.terraform.io/hashicorp/azurerm\"]",
      "instances": [
        {
          "schema_version": 0,
          "attributes": {
            "id": "/subscriptions/f9b3e2dd-1ccb-4e99-b9ef-42caeffe9bd9/resourceGroups/flask-app-rg",
            "location": "eastus",
            "managed_by": "",
            "name": "flask-app-rg",
            "tags": null,
            "timeouts": null
          },
          "sensitive_attributes": [],
          "private": "eyJlMmJmYjczMC1lY2FhLTExZTYtOGY4OC0zNDM2M2JjN2M0YzAiOnsiY3JlYXRlIjo1NDAwMDAwMDAwMDAwLCJkZWxldGUiOjU0MDAwMDAwMDAwMDAsInJlYWQiOjMwMDAwMDAwMDAwMCwidXBkYXRlIjo1NDAwMDAwMDAwMDAwfX0="
        }
      ]
    },
    {
      "mode": "managed",
      "type": "azurerm_subnet",
      "name": "subnet",
      "provider": "provider[\"registry.terraform.io/hashicorp/azurerm\"]",
      "instances": [
        {
          "schema_version": 0,
          "attributes": {
            "address_prefixes": [
              "10.0.1.0/24"
            ],
            "default_outbound_access_enabled": true,
            "delegation": [],
            "id": "/subscriptions/f9b3e2dd-1ccb-4e99-b9ef-42caeffe9bd9/resourceGroups/flask-app-rg/providers/Microsoft.Network/virtualNetworks/flask-app-vnet/subnets/flask-app-subnet",
            "name": "flask-app-subnet",
            "private_endpoint_network_policies": "Disabled",
            "private_link_service_network_policies_enabled": true,
            "resource_group_name": "flask-app-rg",
            "service_endpoint_policy_ids": null,
            "service_endpoints": null,
            "timeouts": null,
            "virtual_network_name": "flask-app-vnet"
          },
          "sensitive_attributes": [],
          "private": "eyJlMmJmYjczMC1lY2FhLTExZTYtOGY4OC0zNDM2M2JjN2M0YzAiOnsiY3JlYXRlIjoxODAwMDAwMDAwMDAwLCJkZWxldGUiOjE4MDAwMDAwMDAwMDAsInJlYWQiOjMwMDAwMDAwMDAwMCwidXBkYXRlIjoxODAwMDAwMDAwMDAwfX0=",
          "dependencies": [
            "azurerm_resource_group.flask-rg",
            "azurerm_virtual_network.v_net"
          ]
        }
      ]
    },
    {
      "mode": "managed",
      "type": "azurerm_subnet_network_security_group_association",
      "name": "nsg_subnet",
      "provider": "provider[\"registry.terraform.io/hashicorp/azurerm\"]",
      "instances": [
        {
          "schema_version": 0,
          "attributes": {
            "id": "/subscriptions/f9b3e2dd-1ccb-4e99-b9ef-42caeffe9bd9/resourceGroups/flask-app-rg/providers/Microsoft.Network/virtualNetworks/flask-app-vnet/subnets/flask-app-subnet",
            "network_security_group_id": "/subscriptions/f9b3e2dd-1ccb-4e99-b9ef-42caeffe9bd9/resourceGroups/flask-app-rg/providers/Microsoft.Network/networkSecurityGroups/flask-app-nsg",
            "subnet_id": "/subscriptions/f9b3e2dd-1ccb-4e99-b9ef-42caeffe9bd9/resourceGroups/flask-app-rg/providers/Microsoft.Network/virtualNetworks/flask-app-vnet/subnets/flask-app-subnet",
            "timeouts": null
          },
          "sensitive_attributes": [],
          "private": "eyJlMmJmYjczMC1lY2FhLTExZTYtOGY4OC0zNDM2M2JjN2M0YzAiOnsiY3JlYXRlIjoxODAwMDAwMDAwMDAwLCJkZWxldGUiOjE4MDAwMDAwMDAwMDAsInJlYWQiOjMwMDAwMDAwMDAwMH19",
          "dependencies": [
            "azurerm_network_security_group.nsg",
            "azurerm_resource_group.flask-rg",
            "azurerm_subnet.subnet",
            "azurerm_virtual_network.v_net"
          ]
        }
      ]
    },
    {
      "mode": "managed",
      "type": "azurerm_virtual_network",
      "name": "v_net",
      "provider": "provider[\"registry.terraform.io/hashicorp/azurerm\"]",
      "instances": [
        {
          "schema_version": 0,
          "attributes": {
            "address_space": [
              "10.0.0.0/16"
            ],
            "bgp_community": "",
            "ddos_protection_plan": [],
            "dns_servers": [],
            "edge_zone": "",
            "encryption": [],
            "flow_timeout_in_minutes": 0,
            "guid": "b7f0fde5-016f-4833-8e4c-27493df0a111",
            "id": "/subscriptions/f9b3e2dd-1ccb-4e99-b9ef-42caeffe9bd9/resourceGroups/flask-app-rg/providers/Microsoft.Network/virtualNetworks/flask-app-vnet",
            "location": "eastus",
            "name": "flask-app-vnet",
            "private_endpoint_vnet_policies": "Disabled",
            "resource_group_name": "flask-app-rg",
            "subnet": [],
            "tags": null,
            "timeouts": null
          },
          "sensitive_attributes": [],
          "private": "eyJlMmJmYjczMC1lY2FhLTExZTYtOGY4OC0zNDM2M2JjN2M0YzAiOnsiY3JlYXRlIjoxODAwMDAwMDAwMDAwLCJkZWxldGUiOjE4MDAwMDAwMDAwMDAsInJlYWQiOjMwMDAwMDAwMDAwMCwidXBkYXRlIjoxODAwMDAwMDAwMDAwfX0=",
          "dependencies": [
            "azurerm_resource_group.flask-rg"
          ]
        }
      ]
    }
  ],
  "check_results": null
}
